
Microsoft Visual Studio Solution File, Format Version 12.00
# Visual Studio Version 16
VisualStudioVersion = 16.0.31729.503
MinimumVisualStudioVersion = 10.0.40219.1
Project("{9A19103F-16F7-4668-BE54-9A1E7A4F7556}") = "Core", "Core\Core.csproj", "{17F9272E-194A-4934-A424-EB61DC1E7BC9}"
EndProject
Project("{9A19103F-16F7-4668-BE54-9A1E7A4F7556}") = "Entities", "Entities\Entities.csproj", "{41DA5577-D9DE-43A2-8AC9-3409D8D769B1}"
EndProject
Project("{9A19103F-16F7-4668-BE54-9A1E7A4F7556}") = "DataAccess", "DataAccess\DataAccess.csproj", "{840B5E3C-19B6-4809-BBD5-38E8CEA0D822}"
EndProject
Project("{9A19103F-16F7-4668-BE54-9A1E7A4F7556}") = "Business", "Business\Business.csproj", "{B6688851-ED81-403C-93B4-F68A7918D183}"
EndProject
Project("{FAE04EC0-301F-11D3-BF4B-00C04F79EFBC}") = "WebAPI", "WebAPI\WebAPI.csproj", "{91EE3354-9B41-4A6C-A599-296B5A7420E1}"
EndProject
Global
	GlobalSection(SolutionConfigurationPlatforms) = preSolution
		Debug|Any CPU = Debug|Any CPU
		Release|Any CPU = Release|Any CPU
	EndGlobalSection
	GlobalSection(ProjectConfigurationPlatforms) = postSolution
		{17F9272E-194A-4934-A424-EB61DC1E7BC9}.Debug|Any CPU.ActiveCfg = Debug|Any CPU
		{17F9272E-194A-4934-A424-EB61DC1E7BC9}.Debug|Any CPU.Build.0 = Debug|Any CPU
		{17F9272E-194A-4934-A424-EB61DC1E7BC9}.Release|Any CPU.ActiveCfg = Release|Any CPU
		{17F9272E-194A-4934-A424-EB61DC1E7BC9}.Release|Any CPU.Build.0 = Release|Any CPU
		{41DA5577-D9DE-43A2-8AC9-3409D8D769B1}.Debug|Any CPU.ActiveCfg = Debug|Any CPU
		{41DA5577-D9DE-43A2-8AC9-3409D8D769B1}.Debug|Any CPU.Build.0 = Debug|Any CPU
		{41DA5577-D9DE-43A2-8AC9-3409D8D769B1}.Release|Any CPU.ActiveCfg = Release|Any CPU
		{41DA5577-D9DE-43A2-8AC9-3409D8D769B1}.Release|Any CPU.Build.0 = Release|Any CPU
		{840B5E3C-19B6-4809-BBD5-38E8CEA0D822}.Debug|Any CPU.ActiveCfg = Debug|Any CPU
		{840B5E3C-19B6-4809-BBD5-38E8CEA0D822}.Debug|Any CPU.Build.0 = Debug|Any CPU
		{840B5E3C-19B6-4809-BBD5-38E8CEA0D822}.Release|Any CPU.ActiveCfg = Release|Any CPU
		{840B5E3C-19B6-4809-BBD5-38E8CEA0D822}.Release|Any CPU.Build.0 = Release|Any CPU
		{B6688851-ED81-403C-93B4-F68A7918D183}.Debug|Any CPU.ActiveCfg = Debug|Any CPU
		{B6688851-ED81-403C-93B4-F68A7918D183}.Debug|Any CPU.Build.0 = Debug|Any CPU
		{B6688851-ED81-403C-93B4-F68A7918D183}.Release|Any CPU.ActiveCfg = Release|Any CPU
		{B6688851-ED81-403C-93B4-F68A7918D183}.Release|Any CPU.Build.0 = Release|Any CPU
		{91EE3354-9B41-4A6C-A599-296B5A7420E1}.Debug|Any CPU.ActiveCfg = Debug|Any CPU
		{91EE3354-9B41-4A6C-A599-296B5A7420E1}.Debug|Any CPU.Build.0 = Debug|Any CPU
		{91EE3354-9B41-4A6C-A599-296B5A7420E1}.Release|Any CPU.ActiveCfg = Release|Any CPU
		{91EE3354-9B41-4A6C-A599-296B5A7420E1}.Release|Any CPU.Build.0 = Release|Any CPU
	EndGlobalSection
	GlobalSection(SolutionProperties) = preSolution
		HideSolutionNode = FALSE
	EndGlobalSection
	GlobalSection(ExtensibilityGlobals) = postSolution
		SolutionGuid = {7E4D8809-5723-4C27-91CF-1C4F44DFB585}
	EndGlobalSection
EndGlobal
